<Solution>
  <Folder Name="/src/">
    <Project Path="src/Sylvaro.Api/Sylvaro.Api.csproj" />
    <Project Path="src/Sylvaro.Application/Sylvaro.Application.csproj" />
    <Project Path="src/Sylvaro.Domain/Sylvaro.Domain.csproj" />
    <Project Path="src/Sylvaro.Infrastructure/Sylvaro.Infrastructure.csproj" />
    <Project Path="src/Sylvaro.Web/Sylvaro.Web.csproj" />
  </Folder>
  <Folder Name="/tests/">
    <Project Path="tests/Sylvaro.Tests/Sylvaro.Tests.csproj" />
  </Folder>
</Solution>
